{
  "pins" : [
    {
      "identity" : "module",
      "kind" : "remoteSourceControl",
      "location" : "https://github.com/arman095095/Module.git",
      "state" : {
        "branch" : "develop",
        "revision" : "567093c53c8ceb0e79078cd476bce286b023f8cd"
      }
    }
  ],
  "version" : 2
}
